
Microsoft Visual Studio Solution File, Format Version 12.00
# Visual Studio Version 16
VisualStudioVersion = 16.0.30011.22
MinimumVisualStudioVersion = 10.0.40219.1
Project("{FAE04EC0-301F-11D3-BF4B-00C04F79EFBC}") = "Greet", "Greet\Greet.csproj", "{643E9CE1-87B8-4F3C-8763-018C25A4C4C3}"
EndProject
Global
	GlobalSection(SolutionConfigurationPlatforms) = preSolution
		Debug|Any CPU = Debug|Any CPU
		Release|Any CPU = Release|Any CPU
	EndGlobalSection
	GlobalSection(ProjectConfigurationPlatforms) = postSolution
		{643E9CE1-87B8-4F3C-8763-018C25A4C4C3}.Debug|Any CPU.ActiveCfg = Debug|Any CPU
		{643E9CE1-87B8-4F3C-8763-018C25A4C4C3}.Debug|Any CPU.Build.0 = Debug|Any CPU
		{643E9CE1-87B8-4F3C-8763-018C25A4C4C3}.Release|Any CPU.ActiveCfg = Release|Any CPU
		{643E9CE1-87B8-4F3C-8763-018C25A4C4C3}.Release|Any CPU.Build.0 = Release|Any CPU
	EndGlobalSection
	GlobalSection(SolutionProperties) = preSolution
		HideSolutionNode = FALSE
	EndGlobalSection
	GlobalSection(ExtensibilityGlobals) = postSolution
		SolutionGuid = {F3298ABF-E897-4013-976B-267D93CE607C}
	EndGlobalSection
EndGlobal
